
Microsoft Visual Studio Solution File, Format Version 12.00
# Visual Studio Version 17
VisualStudioVersion = 17.0.31903.59
MinimumVisualStudioVersion = 10.0.40219.1
Project("{FAE04EC0-301F-11D3-BF4B-00C04F79EFBC}") = "HomeInventory.Domain", "HomeInventory.Domain\HomeInventory.Domain.csproj", "{71CB04DA-414D-4709-9AFA-82BD6D27AE64}"
EndProject
Project("{FAE04EC0-301F-11D3-BF4B-00C04F79EFBC}") = "HomeInventory.Application", "HomeInventory.Application\HomeInventory.Application.csproj", "{EE78AC2F-C553-426C-9C21-0CA17D6D24CF}"
EndProject
Project("{FAE04EC0-301F-11D3-BF4B-00C04F79EFBC}") = "HomeInventory.Infrastructure", "HomeInventory.Infrastructure\HomeInventory.Infrastructure.csproj", "{1961CE41-A802-4111-8FFF-2026EB83A240}"
EndProject
Project("{FAE04EC0-301F-11D3-BF4B-00C04F79EFBC}") = "HomeInventory.Api", "HomeInventory.Api\HomeInventory.Api.csproj", "{B8C05876-C778-49DD-9DDF-4DCF97F82DE9}"
EndProject
Project("{FAE04EC0-301F-11D3-BF4B-00C04F79EFBC}") = "HomeInventory.Application.UnitTests", "HomeInventory.Application.UnitTests\HomeInventory.Application.UnitTests.csproj", "{E3BF5D52-FF7C-44EA-8128-2C413A748E02}"
EndProject
Global
	GlobalSection(SolutionConfigurationPlatforms) = preSolution
		Debug|Any CPU = Debug|Any CPU
		Debug|x64 = Debug|x64
		Debug|x86 = Debug|x86
		Release|Any CPU = Release|Any CPU
		Release|x64 = Release|x64
		Release|x86 = Release|x86
	EndGlobalSection
	GlobalSection(ProjectConfigurationPlatforms) = postSolution
		{71CB04DA-414D-4709-9AFA-82BD6D27AE64}.Debug|Any CPU.ActiveCfg = Debug|Any CPU
		{71CB04DA-414D-4709-9AFA-82BD6D27AE64}.Debug|Any CPU.Build.0 = Debug|Any CPU
		{71CB04DA-414D-4709-9AFA-82BD6D27AE64}.Debug|x64.ActiveCfg = Debug|Any CPU
		{71CB04DA-414D-4709-9AFA-82BD6D27AE64}.Debug|x64.Build.0 = Debug|Any CPU
		{71CB04DA-414D-4709-9AFA-82BD6D27AE64}.Debug|x86.ActiveCfg = Debug|Any CPU
		{71CB04DA-414D-4709-9AFA-82BD6D27AE64}.Debug|x86.Build.0 = Debug|Any CPU
		{71CB04DA-414D-4709-9AFA-82BD6D27AE64}.Release|Any CPU.ActiveCfg = Release|Any CPU
		{71CB04DA-414D-4709-9AFA-82BD6D27AE64}.Release|Any CPU.Build.0 = Release|Any CPU
		{71CB04DA-414D-4709-9AFA-82BD6D27AE64}.Release|x64.ActiveCfg = Release|Any CPU
		{71CB04DA-414D-4709-9AFA-82BD6D27AE64}.Release|x64.Build.0 = Release|Any CPU
		{71CB04DA-414D-4709-9AFA-82BD6D27AE64}.Release|x86.ActiveCfg = Release|Any CPU
		{71CB04DA-414D-4709-9AFA-82BD6D27AE64}.Release|x86.Build.0 = Release|Any CPU
		{EE78AC2F-C553-426C-9C21-0CA17D6D24CF}.Debug|Any CPU.ActiveCfg = Debug|Any CPU
		{EE78AC2F-C553-426C-9C21-0CA17D6D24CF}.Debug|Any CPU.Build.0 = Debug|Any CPU
		{EE78AC2F-C553-426C-9C21-0CA17D6D24CF}.Debug|x64.ActiveCfg = Debug|Any CPU
		{EE78AC2F-C553-426C-9C21-0CA17D6D24CF}.Debug|x64.Build.0 = Debug|Any CPU
		{EE78AC2F-C553-426C-9C21-0CA17D6D24CF}.Debug|x86.ActiveCfg = Debug|Any CPU
		{EE78AC2F-C553-426C-9C21-0CA17D6D24CF}.Debug|x86.Build.0 = Debug|Any CPU
		{EE78AC2F-C553-426C-9C21-0CA17D6D24CF}.Release|Any CPU.ActiveCfg = Release|Any CPU
		{EE78AC2F-C553-426C-9C21-0CA17D6D24CF}.Release|Any CPU.Build.0 = Release|Any CPU
		{EE78AC2F-C553-426C-9C21-0CA17D6D24CF}.Release|x64.ActiveCfg = Release|Any CPU
		{EE78AC2F-C553-426C-9C21-0CA17D6D24CF}.Release|x64.Build.0 = Release|Any CPU
		{EE78AC2F-C553-426C-9C21-0CA17D6D24CF}.Release|x86.ActiveCfg = Release|Any CPU
		{EE78AC2F-C553-426C-9C21-0CA17D6D24CF}.Release|x86.Build.0 = Release|Any CPU
		{1961CE41-A802-4111-8FFF-2026EB83A240}.Debug|Any CPU.ActiveCfg = Debug|Any CPU
		{1961CE41-A802-4111-8FFF-2026EB83A240}.Debug|Any CPU.Build.0 = Debug|Any CPU
		{1961CE41-A802-4111-8FFF-2026EB83A240}.Debug|x64.ActiveCfg = Debug|Any CPU
		{1961CE41-A802-4111-8FFF-2026EB83A240}.Debug|x64.Build.0 = Debug|Any CPU
		{1961CE41-A802-4111-8FFF-2026EB83A240}.Debug|x86.ActiveCfg = Debug|Any CPU
		{1961CE41-A802-4111-8FFF-2026EB83A240}.Debug|x86.Build.0 = Debug|Any CPU
		{1961CE41-A802-4111-8FFF-2026EB83A240}.Release|Any CPU.ActiveCfg = Release|Any CPU
		{1961CE41-A802-4111-8FFF-2026EB83A240}.Release|Any CPU.Build.0 = Release|Any CPU
		{1961CE41-A802-4111-8FFF-2026EB83A240}.Release|x64.ActiveCfg = Release|Any CPU
		{1961CE41-A802-4111-8FFF-2026EB83A240}.Release|x64.Build.0 = Release|Any CPU
		{1961CE41-A802-4111-8FFF-2026EB83A240}.Release|x86.ActiveCfg = Release|Any CPU
		{1961CE41-A802-4111-8FFF-2026EB83A240}.Release|x86.Build.0 = Release|Any CPU
		{B8C05876-C778-49DD-9DDF-4DCF97F82DE9}.Debug|Any CPU.ActiveCfg = Debug|Any CPU
		{B8C05876-C778-49DD-9DDF-4DCF97F82DE9}.Debug|Any CPU.Build.0 = Debug|Any CPU
		{B8C05876-C778-49DD-9DDF-4DCF97F82DE9}.Debug|x64.ActiveCfg = Debug|Any CPU
		{B8C05876-C778-49DD-9DDF-4DCF97F82DE9}.Debug|x64.Build.0 = Debug|Any CPU
		{B8C05876-C778-49DD-9DDF-4DCF97F82DE9}.Debug|x86.ActiveCfg = Debug|Any CPU
		{B8C05876-C778-49DD-9DDF-4DCF97F82DE9}.Debug|x86.Build.0 = Debug|Any CPU
		{B8C05876-C778-49DD-9DDF-4DCF97F82DE9}.Release|Any CPU.ActiveCfg = Release|Any CPU
		{B8C05876-C778-49DD-9DDF-4DCF97F82DE9}.Release|Any CPU.Build.0 = Release|Any CPU
		{B8C05876-C778-49DD-9DDF-4DCF97F82DE9}.Release|x64.ActiveCfg = Release|Any CPU
		{B8C05876-C778-49DD-9DDF-4DCF97F82DE9}.Release|x64.Build.0 = Release|Any CPU
		{B8C05876-C778-49DD-9DDF-4DCF97F82DE9}.Release|x86.ActiveCfg = Release|Any CPU
		{B8C05876-C778-49DD-9DDF-4DCF97F82DE9}.Release|x86.Build.0 = Release|Any CPU
		{E3BF5D52-FF7C-44EA-8128-2C413A748E02}.Debug|Any CPU.ActiveCfg = Debug|Any CPU
		{E3BF5D52-FF7C-44EA-8128-2C413A748E02}.Debug|Any CPU.Build.0 = Debug|Any CPU
		{E3BF5D52-FF7C-44EA-8128-2C413A748E02}.Debug|x64.ActiveCfg = Debug|Any CPU
		{E3BF5D52-FF7C-44EA-8128-2C413A748E02}.Debug|x64.Build.0 = Debug|Any CPU
		{E3BF5D52-FF7C-44EA-8128-2C413A748E02}.Debug|x86.ActiveCfg = Debug|Any CPU
		{E3BF5D52-FF7C-44EA-8128-2C413A748E02}.Debug|x86.Build.0 = Debug|Any CPU
		{E3BF5D52-FF7C-44EA-8128-2C413A748E02}.Release|Any CPU.ActiveCfg = Release|Any CPU
		{E3BF5D52-FF7C-44EA-8128-2C413A748E02}.Release|Any CPU.Build.0 = Release|Any CPU
		{E3BF5D52-FF7C-44EA-8128-2C413A748E02}.Release|x64.ActiveCfg = Release|Any CPU
		{E3BF5D52-FF7C-44EA-8128-2C413A748E02}.Release|x64.Build.0 = Release|Any CPU
		{E3BF5D52-FF7C-44EA-8128-2C413A748E02}.Release|x86.ActiveCfg = Release|Any CPU
		{E3BF5D52-FF7C-44EA-8128-2C413A748E02}.Release|x86.Build.0 = Release|Any CPU
	EndGlobalSection
	GlobalSection(SolutionProperties) = preSolution
		HideSolutionNode = FALSE
	EndGlobalSection
EndGlobal
